
Microsoft Visual Studio Solution File, Format Version 12.00
# Visual Studio Version 16
VisualStudioVersion = 16.0.30128.74
MinimumVisualStudioVersion = 10.0.40219.1
Project("{9A19103F-16F7-4668-BE54-9A1E7A4F7556}") = "PTZPadController", "PTZPadController\PTZPadController.csproj", "{B5F7CA88-695F-4325-8103-182F855F1B07}"
EndProject
Project("{9A19103F-16F7-4668-BE54-9A1E7A4F7556}") = "UnitTestPTZPadController", "UnitTestPTZPadController\UnitTestPTZPadController.csproj", "{D650DE4D-9803-461D-8335-3E0F0FB7885C}"
EndProject
Project("{FAE04EC0-301F-11D3-BF4B-00C04F79EFBC}") = "SimpleSwitcherExampleCSharp", "SimpleSwitcherExampleCSharp\SimpleSwitcherExampleCSharp.csproj", "{550C07DD-9475-4353-8EF8-70F8A4057180}"
EndProject
Global
	GlobalSection(SolutionConfigurationPlatforms) = preSolution
		Debug|Any CPU = Debug|Any CPU
		Release|Any CPU = Release|Any CPU
	EndGlobalSection
	GlobalSection(ProjectConfigurationPlatforms) = postSolution
		{B5F7CA88-695F-4325-8103-182F855F1B07}.Debug|Any CPU.ActiveCfg = Debug|Any CPU
		{B5F7CA88-695F-4325-8103-182F855F1B07}.Debug|Any CPU.Build.0 = Debug|Any CPU
		{B5F7CA88-695F-4325-8103-182F855F1B07}.Release|Any CPU.ActiveCfg = Release|Any CPU
		{B5F7CA88-695F-4325-8103-182F855F1B07}.Release|Any CPU.Build.0 = Release|Any CPU
		{D650DE4D-9803-461D-8335-3E0F0FB7885C}.Debug|Any CPU.ActiveCfg = Debug|Any CPU
		{D650DE4D-9803-461D-8335-3E0F0FB7885C}.Debug|Any CPU.Build.0 = Debug|Any CPU
		{D650DE4D-9803-461D-8335-3E0F0FB7885C}.Release|Any CPU.ActiveCfg = Release|Any CPU
		{D650DE4D-9803-461D-8335-3E0F0FB7885C}.Release|Any CPU.Build.0 = Release|Any CPU
		{550C07DD-9475-4353-8EF8-70F8A4057180}.Debug|Any CPU.ActiveCfg = Debug|Any CPU
		{550C07DD-9475-4353-8EF8-70F8A4057180}.Debug|Any CPU.Build.0 = Debug|Any CPU
		{550C07DD-9475-4353-8EF8-70F8A4057180}.Release|Any CPU.ActiveCfg = Release|Any CPU
		{550C07DD-9475-4353-8EF8-70F8A4057180}.Release|Any CPU.Build.0 = Release|Any CPU
	EndGlobalSection
	GlobalSection(SolutionProperties) = preSolution
		HideSolutionNode = FALSE
	EndGlobalSection
	GlobalSection(ExtensibilityGlobals) = postSolution
		SolutionGuid = {07CC95E3-562D-4AE7-93FC-65DED203270D}
	EndGlobalSection
EndGlobal
