
Microsoft Visual Studio Solution File, Format Version 12.00
# Visual Studio 15
VisualStudioVersion = 15.0.28010.2036
MinimumVisualStudioVersion = 10.0.40219.1
Project("{FAE04EC0-301F-11D3-BF4B-00C04F79EFBC}") = "SimpleSwitcherExampleCSharp", "SimpleSwitcherExampleCSharp.csproj", "{550C07DD-9475-4353-8EF8-70F8A4057180}"
EndProject
Global
	GlobalSection(SolutionConfigurationPlatforms) = preSolution
		Debug|Any CPU = Debug|Any CPU
		Release|Any CPU = Release|Any CPU
	EndGlobalSection
	GlobalSection(ProjectConfigurationPlatforms) = postSolution
		{550C07DD-9475-4353-8EF8-70F8A4057180}.Debug|Any CPU.ActiveCfg = Debug|Any CPU
		{550C07DD-9475-4353-8EF8-70F8A4057180}.Debug|Any CPU.Build.0 = Debug|Any CPU
		{550C07DD-9475-4353-8EF8-70F8A4057180}.Release|Any CPU.ActiveCfg = Release|Any CPU
		{550C07DD-9475-4353-8EF8-70F8A4057180}.Release|Any CPU.Build.0 = Release|Any CPU
	EndGlobalSection
	GlobalSection(SolutionProperties) = preSolution
		HideSolutionNode = FALSE
	EndGlobalSection
	GlobalSection(ExtensibilityGlobals) = postSolution
		SolutionGuid = {EDA327D9-4988-4EBD-903B-0BB7E7CDA845}
	EndGlobalSection
EndGlobal
